// !$*UTF8*$!
{
	archiveVersion = 1;
	classes = {
	};
	objectVersion = 56;
	objects = {

/* Begin PBXBuildFile section */
		7D2117AC2C17171D0080ED90 /* TrendViewController.swift in Sources */ = {isa = PBXBuildFile; fileRef = 7D2117AB2C17171D0080ED90 /* TrendViewController.swift */; };
		7D2117AF2C1717530080ED90 /* TrendView.swift in Sources */ = {isa = PBXBuildFile; fileRef = 7D2117AE2C1717530080ED90 /* TrendView.swift */; };
		7D2117B12C1717FC0080ED90 /* TrendViewController+TableView.swift in Sources */ = {isa = PBXBuildFile; fileRef = 7D2117B02C1717FC0080ED90 /* TrendViewController+TableView.swift */; };
		7D2117B42C17199C0080ED90 /* TrendTableViewCell.swift in Sources */ = {isa = PBXBuildFile; fileRef = 7D2117B32C17199C0080ED90 /* TrendTableViewCell.swift */; };
		7D2117B72C1731DE0080ED90 /* TrendModel.swift in Sources */ = {isa = PBXBuildFile; fileRef = 7D2117B62C1731DE0080ED90 /* TrendModel.swift */; };
		7D2117BA2C173BEE0080ED90 /* Kingfisher in Frameworks */ = {isa = PBXBuildFile; productRef = 7D2117B92C173BEE0080ED90 /* Kingfisher */; };
		7D2117BE2C1742EF0080ED90 /* TrendDetailViewController.swift in Sources */ = {isa = PBXBuildFile; fileRef = 7D2117BD2C1742EF0080ED90 /* TrendDetailViewController.swift */; };
		7D2117C12C1745690080ED90 /* MovieCreditModel.swift in Sources */ = {isa = PBXBuildFile; fileRef = 7D2117C02C1745690080ED90 /* MovieCreditModel.swift */; };
		7D2117C42C17486F0080ED90 /* MovieCreditView.swift in Sources */ = {isa = PBXBuildFile; fileRef = 7D2117C32C17486E0080ED90 /* MovieCreditView.swift */; };
		7D2117C62C17C9940080ED90 /* TrendDetailViewController+TableView.swift in Sources */ = {isa = PBXBuildFile; fileRef = 7D2117C52C17C9940080ED90 /* TrendDetailViewController+TableView.swift */; };
		7D2117C92C17C9F20080ED90 /* CastTableViewCell.swift in Sources */ = {isa = PBXBuildFile; fileRef = 7D2117C82C17C9F20080ED90 /* CastTableViewCell.swift */; };
		7D2117D32C187D480080ED90 /* MovieGenre.swift in Sources */ = {isa = PBXBuildFile; fileRef = 7D2117D22C187D480080ED90 /* MovieGenre.swift */; };
		7D2117D92C1889650080ED90 /* MovieSearchViewController.swift in Sources */ = {isa = PBXBuildFile; fileRef = 7D2117D82C1889650080ED90 /* MovieSearchViewController.swift */; };
		7D2117DB2C1889FA0080ED90 /* MovieSearchView.swift in Sources */ = {isa = PBXBuildFile; fileRef = 7D2117DA2C1889FA0080ED90 /* MovieSearchView.swift */; };
		7D2117DE2C188B060080ED90 /* SearchedMovieTableViewCell.swift in Sources */ = {isa = PBXBuildFile; fileRef = 7D2117DD2C188B060080ED90 /* SearchedMovieTableViewCell.swift */; };
		7D2117E02C18913A0080ED90 /* MovieSearchResult.swift in Sources */ = {isa = PBXBuildFile; fileRef = 7D2117DF2C1891390080ED90 /* MovieSearchResult.swift */; };
		7D7158272C32D8C9006496BA /* NasaImageLoadViewController.swift in Sources */ = {isa = PBXBuildFile; fileRef = 7D7158262C32D8C9006496BA /* NasaImageLoadViewController.swift */; };
		7D7158292C32D903006496BA /* NasaImageLoadView.swift in Sources */ = {isa = PBXBuildFile; fileRef = 7D7158282C32D903006496BA /* NasaImageLoadView.swift */; };
		7D71582E2C32E142006496BA /* NasaImageCollectionViewCell.swift in Sources */ = {isa = PBXBuildFile; fileRef = 7D71582D2C32E142006496BA /* NasaImageCollectionViewCell.swift */; };
		7D76345F2C29909200319D37 /* MovieRecommendation.swift in Sources */ = {isa = PBXBuildFile; fileRef = 7D76345E2C29909200319D37 /* MovieRecommendation.swift */; };
		7D79C5FD2C2AB58A000350E2 /* MovieRecommendationViewController.swift in Sources */ = {isa = PBXBuildFile; fileRef = 7D79C5FC2C2AB58A000350E2 /* MovieRecommendationViewController.swift */; };
		7D79C6002C2AC615000350E2 /* MovieRecommendationView.swift in Sources */ = {isa = PBXBuildFile; fileRef = 7D79C5FF2C2AC615000350E2 /* MovieRecommendationView.swift */; };
		7D79C6032C2AC94F000350E2 /* MovieRecommendationTableViewCell.swift in Sources */ = {isa = PBXBuildFile; fileRef = 7D79C6022C2AC94F000350E2 /* MovieRecommendationTableViewCell.swift */; };
		7D79C6062C2ACE06000350E2 /* MovieRecommendationCollectionViewCell.swift in Sources */ = {isa = PBXBuildFile; fileRef = 7D79C6052C2ACE06000350E2 /* MovieRecommendationCollectionViewCell.swift */; };
		7D893B1C2C19A157003D552E /* MovieSearchCollectionViewController.swift in Sources */ = {isa = PBXBuildFile; fileRef = 7D893B1B2C19A157003D552E /* MovieSearchCollectionViewController.swift */; };
		7D893B1E2C19A172003D552E /* MovieSearchCollectionView.swift in Sources */ = {isa = PBXBuildFile; fileRef = 7D893B1D2C19A172003D552E /* MovieSearchCollectionView.swift */; };
		7D893B212C19A5B9003D552E /* MovieSearchCollectionViewCell.swift in Sources */ = {isa = PBXBuildFile; fileRef = 7D893B202C19A5B9003D552E /* MovieSearchCollectionViewCell.swift */; };
		7D9B9EDC2C0EFD3B002C577B /* AppDelegate.swift in Sources */ = {isa = PBXBuildFile; fileRef = 7D9B9EDB2C0EFD3B002C577B /* AppDelegate.swift */; };
		7D9B9EDE2C0EFD3B002C577B /* SceneDelegate.swift in Sources */ = {isa = PBXBuildFile; fileRef = 7D9B9EDD2C0EFD3B002C577B /* SceneDelegate.swift */; };
		7D9B9EE02C0EFD3B002C577B /* ViewController.swift in Sources */ = {isa = PBXBuildFile; fileRef = 7D9B9EDF2C0EFD3B002C577B /* ViewController.swift */; };
		7D9B9EE32C0EFD3B002C577B /* Base in Resources */ = {isa = PBXBuildFile; fileRef = 7D9B9EE22C0EFD3B002C577B /* Base */; };
		7D9B9EE52C0EFD3E002C577B /* Assets.xcassets in Resources */ = {isa = PBXBuildFile; fileRef = 7D9B9EE42C0EFD3E002C577B /* Assets.xcassets */; };
		7D9B9EE82C0EFD3E002C577B /* Base in Resources */ = {isa = PBXBuildFile; fileRef = 7D9B9EE72C0EFD3E002C577B /* Base */; };
		7D9B9EF62C0F000F002C577B /* SignupViewController.swift in Sources */ = {isa = PBXBuildFile; fileRef = 7D9B9EF52C0F000F002C577B /* SignupViewController.swift */; };
		7D9B9EF82C0F002F002C577B /* MovieHomeViewController.swift in Sources */ = {isa = PBXBuildFile; fileRef = 7D9B9EF72C0F002F002C577B /* MovieHomeViewController.swift */; };
		7D9B9EFB2C0F0068002C577B /* ViewController+Extension.swift in Sources */ = {isa = PBXBuildFile; fileRef = 7D9B9EFA2C0F0068002C577B /* ViewController+Extension.swift */; };
		7D9B9F002C0F029B002C577B /* SignTextField.swift in Sources */ = {isa = PBXBuildFile; fileRef = 7D9B9EFF2C0F029B002C577B /* SignTextField.swift */; };
		7D9B9F032C0F03A8002C577B /* SnapKit in Frameworks */ = {isa = PBXBuildFile; productRef = 7D9B9F022C0F03A8002C577B /* SnapKit */; };
		7D9B9F052C0F1DCE002C577B /* UIImageView+Extension.swift in Sources */ = {isa = PBXBuildFile; fileRef = 7D9B9F042C0F1DCE002C577B /* UIImageView+Extension.swift */; };
		7D9B9F072C0F37AC002C577B /* UIButton+Extension.swift in Sources */ = {isa = PBXBuildFile; fileRef = 7D9B9F062C0F37AC002C577B /* UIButton+Extension.swift */; };
		7D9B9F3F2C11739A002C577B /* .gitignore in Resources */ = {isa = PBXBuildFile; fileRef = 7D9B9F3E2C11739A002C577B /* .gitignore */; };
		7D9B9F422C117478002C577B /* APIKey.swift in Sources */ = {isa = PBXBuildFile; fileRef = 7D9B9F412C117478002C577B /* APIKey.swift */; };
		7D9B9F442C11748C002C577B /* APIURL.swift in Sources */ = {isa = PBXBuildFile; fileRef = 7D9B9F432C11748C002C577B /* APIURL.swift */; };
		7D9B9F482C1193E6002C577B /* LotteryViewController.swift in Sources */ = {isa = PBXBuildFile; fileRef = 7D9B9F472C1193E6002C577B /* LotteryViewController.swift */; };
		7D9B9F4A2C119430002C577B /* UITextField+Extension.swift in Sources */ = {isa = PBXBuildFile; fileRef = 7D9B9F492C119430002C577B /* UITextField+Extension.swift */; };
		7D9B9F4C2C1199FA002C577B /* LotteryViewController+Picker.swift in Sources */ = {isa = PBXBuildFile; fileRef = 7D9B9F4B2C1199FA002C577B /* LotteryViewController+Picker.swift */; };
		7D9B9F4F2C11CCFF002C577B /* APIFetcher.swift in Sources */ = {isa = PBXBuildFile; fileRef = 7D9B9F4E2C11CCFF002C577B /* APIFetcher.swift */; };
		7D9B9F522C11CD6C002C577B /* Alamofire in Frameworks */ = {isa = PBXBuildFile; productRef = 7D9B9F512C11CD6C002C577B /* Alamofire */; };
		7D9B9F552C11D121002C577B /* Lotto.swift in Sources */ = {isa = PBXBuildFile; fileRef = 7D9B9F542C11D121002C577B /* Lotto.swift */; };
		7D9B9F592C11DE9E002C577B /* UILabel+Extension.swift in Sources */ = {isa = PBXBuildFile; fileRef = 7D9B9F582C11DE9E002C577B /* UILabel+Extension.swift */; };
		7D9B9F5C2C11E389002C577B /* CircleLabel.swift in Sources */ = {isa = PBXBuildFile; fileRef = 7D9B9F5B2C11E389002C577B /* CircleLabel.swift */; };
		7D9B9F5F2C11F0B6002C577B /* UtilFunc.swift in Sources */ = {isa = PBXBuildFile; fileRef = 7D9B9F5E2C11F0B6002C577B /* UtilFunc.swift */; };
		7D9B9F632C11F63A002C577B /* BoxOfficeViewController.swift in Sources */ = {isa = PBXBuildFile; fileRef = 7D9B9F622C11F63A002C577B /* BoxOfficeViewController.swift */; };
		7D9B9F662C11FC2D002C577B /* Separator.swift in Sources */ = {isa = PBXBuildFile; fileRef = 7D9B9F652C11FC2D002C577B /* Separator.swift */; };
		7D9B9F682C11FD64002C577B /* BoxOfficeViewController+TableView.swift in Sources */ = {isa = PBXBuildFile; fileRef = 7D9B9F672C11FD64002C577B /* BoxOfficeViewController+TableView.swift */; };
		7D9B9F6B2C11FDE7002C577B /* BoxOfficeTableViewCell.swift in Sources */ = {isa = PBXBuildFile; fileRef = 7D9B9F6A2C11FDE7002C577B /* BoxOfficeTableViewCell.swift */; };
		7D9B9F6E2C11FE4C002C577B /* ReuseIdentifierProtocol.swift in Sources */ = {isa = PBXBuildFile; fileRef = 7D9B9F6D2C11FE4C002C577B /* ReuseIdentifierProtocol.swift */; };
		7D9B9F712C12C89A002C577B /* BoxOffice.swift in Sources */ = {isa = PBXBuildFile; fileRef = 7D9B9F702C12C89A002C577B /* BoxOffice.swift */; };
		7D9B9F732C12D116002C577B /* Dictionary+Extension.swift in Sources */ = {isa = PBXBuildFile; fileRef = 7D9B9F722C12D116002C577B /* Dictionary+Extension.swift */; };
		7DC994F72C2C2E3B00F44AFE /* NetworkRequest.swift in Sources */ = {isa = PBXBuildFile; fileRef = 7DC994F62C2C2E3B00F44AFE /* NetworkRequest.swift */; };
		7DF5F8C52C30339700D368A9 /* Error.swift in Sources */ = {isa = PBXBuildFile; fileRef = 7DF5F8C42C30339700D368A9 /* Error.swift */; };
		7DF5F8C82C3040B800D368A9 /* MovieHomeView.swift in Sources */ = {isa = PBXBuildFile; fileRef = 7DF5F8C72C3040B800D368A9 /* MovieHomeView.swift */; };
		7DF5F8CB2C30436300D368A9 /* UpcomingMovieCollectionViewCell.swift in Sources */ = {isa = PBXBuildFile; fileRef = 7DF5F8CA2C30436300D368A9 /* UpcomingMovieCollectionViewCell.swift */; };
		7DF5F8CE2C3048C500D368A9 /* UpcomingMovie.swift in Sources */ = {isa = PBXBuildFile; fileRef = 7DF5F8CD2C3048C500D368A9 /* UpcomingMovie.swift */; };
		7DF5F8D12C30569D00D368A9 /* NameSpace.swift in Sources */ = {isa = PBXBuildFile; fileRef = 7DF5F8D02C30569D00D368A9 /* NameSpace.swift */; };
		7DF5F8D42C30586E00D368A9 /* CustomTabBarController.swift in Sources */ = {isa = PBXBuildFile; fileRef = 7DF5F8D32C30586E00D368A9 /* CustomTabBarController.swift */; };
		7DF5F8D62C306B3B00D368A9 /* TabBarProtocol.swift in Sources */ = {isa = PBXBuildFile; fileRef = 7DF5F8D52C306B3B00D368A9 /* TabBarProtocol.swift */; };
/* End PBXBuildFile section */

/* Begin PBXFileReference section */
		7D2117AB2C17171D0080ED90 /* TrendViewController.swift */ = {isa = PBXFileReference; lastKnownFileType = sourcecode.swift; path = TrendViewController.swift; sourceTree = "<group>"; };
		7D2117AE2C1717530080ED90 /* TrendView.swift */ = {isa = PBXFileReference; lastKnownFileType = sourcecode.swift; path = TrendView.swift; sourceTree = "<group>"; };
		7D2117B02C1717FC0080ED90 /* TrendViewController+TableView.swift */ = {isa = PBXFileReference; lastKnownFileType = sourcecode.swift; path = "TrendViewController+TableView.swift"; sourceTree = "<group>"; };
		7D2117B32C17199C0080ED90 /* TrendTableViewCell.swift */ = {isa = PBXFileReference; lastKnownFileType = sourcecode.swift; path = TrendTableViewCell.swift; sourceTree = "<group>"; };
		7D2117B62C1731DE0080ED90 /* TrendModel.swift */ = {isa = PBXFileReference; lastKnownFileType = sourcecode.swift; path = TrendModel.swift; sourceTree = "<group>"; };
		7D2117BD2C1742EF0080ED90 /* TrendDetailViewController.swift */ = {isa = PBXFileReference; lastKnownFileType = sourcecode.swift; path = TrendDetailViewController.swift; sourceTree = "<group>"; };
		7D2117C02C1745690080ED90 /* MovieCreditModel.swift */ = {isa = PBXFileReference; lastKnownFileType = sourcecode.swift; path = MovieCreditModel.swift; sourceTree = "<group>"; };
		7D2117C32C17486E0080ED90 /* MovieCreditView.swift */ = {isa = PBXFileReference; lastKnownFileType = sourcecode.swift; path = MovieCreditView.swift; sourceTree = "<group>"; };
		7D2117C52C17C9940080ED90 /* TrendDetailViewController+TableView.swift */ = {isa = PBXFileReference; lastKnownFileType = sourcecode.swift; path = "TrendDetailViewController+TableView.swift"; sourceTree = "<group>"; };
		7D2117C82C17C9F20080ED90 /* CastTableViewCell.swift */ = {isa = PBXFileReference; lastKnownFileType = sourcecode.swift; path = CastTableViewCell.swift; sourceTree = "<group>"; };
		7D2117D22C187D480080ED90 /* MovieGenre.swift */ = {isa = PBXFileReference; lastKnownFileType = sourcecode.swift; path = MovieGenre.swift; sourceTree = "<group>"; };
		7D2117D82C1889650080ED90 /* MovieSearchViewController.swift */ = {isa = PBXFileReference; lastKnownFileType = sourcecode.swift; path = MovieSearchViewController.swift; sourceTree = "<group>"; };
		7D2117DA2C1889FA0080ED90 /* MovieSearchView.swift */ = {isa = PBXFileReference; lastKnownFileType = sourcecode.swift; path = MovieSearchView.swift; sourceTree = "<group>"; };
		7D2117DD2C188B060080ED90 /* SearchedMovieTableViewCell.swift */ = {isa = PBXFileReference; lastKnownFileType = sourcecode.swift; path = SearchedMovieTableViewCell.swift; sourceTree = "<group>"; };
		7D2117DF2C1891390080ED90 /* MovieSearchResult.swift */ = {isa = PBXFileReference; lastKnownFileType = sourcecode.swift; path = MovieSearchResult.swift; sourceTree = "<group>"; };
		7D7158262C32D8C9006496BA /* NasaImageLoadViewController.swift */ = {isa = PBXFileReference; lastKnownFileType = sourcecode.swift; path = NasaImageLoadViewController.swift; sourceTree = "<group>"; };
		7D7158282C32D903006496BA /* NasaImageLoadView.swift */ = {isa = PBXFileReference; lastKnownFileType = sourcecode.swift; path = NasaImageLoadView.swift; sourceTree = "<group>"; };
		7D71582D2C32E142006496BA /* NasaImageCollectionViewCell.swift */ = {isa = PBXFileReference; lastKnownFileType = sourcecode.swift; path = NasaImageCollectionViewCell.swift; sourceTree = "<group>"; };
		7D76345E2C29909200319D37 /* MovieRecommendation.swift */ = {isa = PBXFileReference; lastKnownFileType = sourcecode.swift; path = MovieRecommendation.swift; sourceTree = "<group>"; };
		7D79C5FC2C2AB58A000350E2 /* MovieRecommendationViewController.swift */ = {isa = PBXFileReference; lastKnownFileType = sourcecode.swift; path = MovieRecommendationViewController.swift; sourceTree = "<group>"; };
		7D79C5FF2C2AC615000350E2 /* MovieRecommendationView.swift */ = {isa = PBXFileReference; lastKnownFileType = sourcecode.swift; path = MovieRecommendationView.swift; sourceTree = "<group>"; };
		7D79C6022C2AC94F000350E2 /* MovieRecommendationTableViewCell.swift */ = {isa = PBXFileReference; lastKnownFileType = sourcecode.swift; path = MovieRecommendationTableViewCell.swift; sourceTree = "<group>"; };
		7D79C6052C2ACE06000350E2 /* MovieRecommendationCollectionViewCell.swift */ = {isa = PBXFileReference; lastKnownFileType = sourcecode.swift; path = MovieRecommendationCollectionViewCell.swift; sourceTree = "<group>"; };
		7D893B1B2C19A157003D552E /* MovieSearchCollectionViewController.swift */ = {isa = PBXFileReference; lastKnownFileType = sourcecode.swift; path = MovieSearchCollectionViewController.swift; sourceTree = "<group>"; };
		7D893B1D2C19A172003D552E /* MovieSearchCollectionView.swift */ = {isa = PBXFileReference; lastKnownFileType = sourcecode.swift; path = MovieSearchCollectionView.swift; sourceTree = "<group>"; };
		7D893B202C19A5B9003D552E /* MovieSearchCollectionViewCell.swift */ = {isa = PBXFileReference; lastKnownFileType = sourcecode.swift; path = MovieSearchCollectionViewCell.swift; sourceTree = "<group>"; };
		7D9B9ED82C0EFD3B002C577B /* MediaProject.app */ = {isa = PBXFileReference; explicitFileType = wrapper.application; includeInIndex = 0; path = MediaProject.app; sourceTree = BUILT_PRODUCTS_DIR; };
		7D9B9EDB2C0EFD3B002C577B /* AppDelegate.swift */ = {isa = PBXFileReference; lastKnownFileType = sourcecode.swift; path = AppDelegate.swift; sourceTree = "<group>"; };
		7D9B9EDD2C0EFD3B002C577B /* SceneDelegate.swift */ = {isa = PBXFileReference; lastKnownFileType = sourcecode.swift; path = SceneDelegate.swift; sourceTree = "<group>"; };
		7D9B9EDF2C0EFD3B002C577B /* ViewController.swift */ = {isa = PBXFileReference; lastKnownFileType = sourcecode.swift; path = ViewController.swift; sourceTree = "<group>"; };
		7D9B9EE22C0EFD3B002C577B /* Base */ = {isa = PBXFileReference; lastKnownFileType = file.storyboard; name = Base; path = Base.lproj/Main.storyboard; sourceTree = "<group>"; };
		7D9B9EE42C0EFD3E002C577B /* Assets.xcassets */ = {isa = PBXFileReference; lastKnownFileType = folder.assetcatalog; path = Assets.xcassets; sourceTree = "<group>"; };
		7D9B9EE72C0EFD3E002C577B /* Base */ = {isa = PBXFileReference; lastKnownFileType = file.storyboard; name = Base; path = Base.lproj/LaunchScreen.storyboard; sourceTree = "<group>"; };
		7D9B9EE92C0EFD3E002C577B /* Info.plist */ = {isa = PBXFileReference; lastKnownFileType = text.plist.xml; path = Info.plist; sourceTree = "<group>"; };
		7D9B9EF52C0F000F002C577B /* SignupViewController.swift */ = {isa = PBXFileReference; lastKnownFileType = sourcecode.swift; path = SignupViewController.swift; sourceTree = "<group>"; };
		7D9B9EF72C0F002F002C577B /* MovieHomeViewController.swift */ = {isa = PBXFileReference; lastKnownFileType = sourcecode.swift; path = MovieHomeViewController.swift; sourceTree = "<group>"; };
		7D9B9EFA2C0F0068002C577B /* ViewController+Extension.swift */ = {isa = PBXFileReference; lastKnownFileType = sourcecode.swift; path = "ViewController+Extension.swift"; sourceTree = "<group>"; };
		7D9B9EFF2C0F029B002C577B /* SignTextField.swift */ = {isa = PBXFileReference; lastKnownFileType = sourcecode.swift; path = SignTextField.swift; sourceTree = "<group>"; };
		7D9B9F042C0F1DCE002C577B /* UIImageView+Extension.swift */ = {isa = PBXFileReference; lastKnownFileType = sourcecode.swift; path = "UIImageView+Extension.swift"; sourceTree = "<group>"; };
		7D9B9F062C0F37AC002C577B /* UIButton+Extension.swift */ = {isa = PBXFileReference; lastKnownFileType = sourcecode.swift; path = "UIButton+Extension.swift"; sourceTree = "<group>"; };
		7D9B9F3E2C11739A002C577B /* .gitignore */ = {isa = PBXFileReference; lastKnownFileType = text; path = .gitignore; sourceTree = "<group>"; };
		7D9B9F412C117478002C577B /* APIKey.swift */ = {isa = PBXFileReference; lastKnownFileType = sourcecode.swift; path = APIKey.swift; sourceTree = "<group>"; };
		7D9B9F432C11748C002C577B /* APIURL.swift */ = {isa = PBXFileReference; lastKnownFileType = sourcecode.swift; path = APIURL.swift; sourceTree = "<group>"; };
		7D9B9F472C1193E6002C577B /* LotteryViewController.swift */ = {isa = PBXFileReference; lastKnownFileType = sourcecode.swift; path = LotteryViewController.swift; sourceTree = "<group>"; };
		7D9B9F492C119430002C577B /* UITextField+Extension.swift */ = {isa = PBXFileReference; lastKnownFileType = sourcecode.swift; path = "UITextField+Extension.swift"; sourceTree = "<group>"; };
		7D9B9F4B2C1199FA002C577B /* LotteryViewController+Picker.swift */ = {isa = PBXFileReference; lastKnownFileType = sourcecode.swift; path = "LotteryViewController+Picker.swift"; sourceTree = "<group>"; };
		7D9B9F4E2C11CCFF002C577B /* APIFetcher.swift */ = {isa = PBXFileReference; lastKnownFileType = sourcecode.swift; path = APIFetcher.swift; sourceTree = "<group>"; };
		7D9B9F542C11D121002C577B /* Lotto.swift */ = {isa = PBXFileReference; lastKnownFileType = sourcecode.swift; path = Lotto.swift; sourceTree = "<group>"; };
		7D9B9F582C11DE9E002C577B /* UILabel+Extension.swift */ = {isa = PBXFileReference; lastKnownFileType = sourcecode.swift; path = "UILabel+Extension.swift"; sourceTree = "<group>"; };
		7D9B9F5B2C11E389002C577B /* CircleLabel.swift */ = {isa = PBXFileReference; lastKnownFileType = sourcecode.swift; path = CircleLabel.swift; sourceTree = "<group>"; };
		7D9B9F5E2C11F0B6002C577B /* UtilFunc.swift */ = {isa = PBXFileReference; lastKnownFileType = sourcecode.swift; path = UtilFunc.swift; sourceTree = "<group>"; };
		7D9B9F622C11F63A002C577B /* BoxOfficeViewController.swift */ = {isa = PBXFileReference; lastKnownFileType = sourcecode.swift; path = BoxOfficeViewController.swift; sourceTree = "<group>"; };
		7D9B9F652C11FC2D002C577B /* Separator.swift */ = {isa = PBXFileReference; lastKnownFileType = sourcecode.swift; path = Separator.swift; sourceTree = "<group>"; };
		7D9B9F672C11FD64002C577B /* BoxOfficeViewController+TableView.swift */ = {isa = PBXFileReference; lastKnownFileType = sourcecode.swift; path = "BoxOfficeViewController+TableView.swift"; sourceTree = "<group>"; };
		7D9B9F6A2C11FDE7002C577B /* BoxOfficeTableViewCell.swift */ = {isa = PBXFileReference; lastKnownFileType = sourcecode.swift; path = BoxOfficeTableViewCell.swift; sourceTree = "<group>"; };
		7D9B9F6D2C11FE4C002C577B /* ReuseIdentifierProtocol.swift */ = {isa = PBXFileReference; lastKnownFileType = sourcecode.swift; path = ReuseIdentifierProtocol.swift; sourceTree = "<group>"; };
		7D9B9F702C12C89A002C577B /* BoxOffice.swift */ = {isa = PBXFileReference; lastKnownFileType = sourcecode.swift; path = BoxOffice.swift; sourceTree = "<group>"; };
		7D9B9F722C12D116002C577B /* Dictionary+Extension.swift */ = {isa = PBXFileReference; lastKnownFileType = sourcecode.swift; path = "Dictionary+Extension.swift"; sourceTree = "<group>"; };
		7DC994F62C2C2E3B00F44AFE /* NetworkRequest.swift */ = {isa = PBXFileReference; lastKnownFileType = sourcecode.swift; path = NetworkRequest.swift; sourceTree = "<group>"; };
		7DF5F8C42C30339700D368A9 /* Error.swift */ = {isa = PBXFileReference; lastKnownFileType = sourcecode.swift; path = Error.swift; sourceTree = "<group>"; };
		7DF5F8C72C3040B800D368A9 /* MovieHomeView.swift */ = {isa = PBXFileReference; lastKnownFileType = sourcecode.swift; path = MovieHomeView.swift; sourceTree = "<group>"; };
		7DF5F8CA2C30436300D368A9 /* UpcomingMovieCollectionViewCell.swift */ = {isa = PBXFileReference; lastKnownFileType = sourcecode.swift; path = UpcomingMovieCollectionViewCell.swift; sourceTree = "<group>"; };
		7DF5F8CD2C3048C500D368A9 /* UpcomingMovie.swift */ = {isa = PBXFileReference; lastKnownFileType = sourcecode.swift; path = UpcomingMovie.swift; sourceTree = "<group>"; };
		7DF5F8D02C30569D00D368A9 /* NameSpace.swift */ = {isa = PBXFileReference; lastKnownFileType = sourcecode.swift; path = NameSpace.swift; sourceTree = "<group>"; };
		7DF5F8D32C30586E00D368A9 /* CustomTabBarController.swift */ = {isa = PBXFileReference; lastKnownFileType = sourcecode.swift; path = CustomTabBarController.swift; sourceTree = "<group>"; };
		7DF5F8D52C306B3B00D368A9 /* TabBarProtocol.swift */ = {isa = PBXFileReference; lastKnownFileType = sourcecode.swift; path = TabBarProtocol.swift; sourceTree = "<group>"; };
/* End PBXFileReference section */

/* Begin PBXFrameworksBuildPhase section */
		7D9B9ED52C0EFD3B002C577B /* Frameworks */ = {
			isa = PBXFrameworksBuildPhase;
			buildActionMask = 2147483647;
			files = (
				7D2117BA2C173BEE0080ED90 /* Kingfisher in Frameworks */,
				7D9B9F032C0F03A8002C577B /* SnapKit in Frameworks */,
				7D9B9F522C11CD6C002C577B /* Alamofire in Frameworks */,
			);
			runOnlyForDeploymentPostprocessing = 0;
		};
/* End PBXFrameworksBuildPhase section */

/* Begin PBXGroup section */
		7D2117A92C1716DB0080ED90 /* Trend */ = {
			isa = PBXGroup;
			children = (
				7D2117B52C1731CB0080ED90 /* Model */,
				7D2117B22C17197F0080ED90 /* TableViewCell */,
				7D2117AD2C17173A0080ED90 /* View */,
				7D2117AA2C1716E60080ED90 /* ViewController */,
			);
			path = Trend;
			sourceTree = "<group>";
		};
		7D2117AA2C1716E60080ED90 /* ViewController */ = {
			isa = PBXGroup;
			children = (
				7D2117AB2C17171D0080ED90 /* TrendViewController.swift */,
				7D2117B02C1717FC0080ED90 /* TrendViewController+TableView.swift */,
			);
			path = ViewController;
			sourceTree = "<group>";
		};
		7D2117AD2C17173A0080ED90 /* View */ = {
			isa = PBXGroup;
			children = (
				7D2117AE2C1717530080ED90 /* TrendView.swift */,
			);
			path = View;
			sourceTree = "<group>";
		};
		7D2117B22C17197F0080ED90 /* TableViewCell */ = {
			isa = PBXGroup;
			children = (
				7D2117B32C17199C0080ED90 /* TrendTableViewCell.swift */,
			);
			path = TableViewCell;
			sourceTree = "<group>";
		};
		7D2117B52C1731CB0080ED90 /* Model */ = {
			isa = PBXGroup;
			children = (
				7D2117B62C1731DE0080ED90 /* TrendModel.swift */,
				7D2117D22C187D480080ED90 /* MovieGenre.swift */,
			);
			path = Model;
			sourceTree = "<group>";
		};
		7D2117BB2C1742C90080ED90 /* TrendDetail */ = {
			isa = PBXGroup;
			children = (
				7D2117C72C17C9CA0080ED90 /* tableViewCell */,
				7D2117C22C1748420080ED90 /* View */,
				7D2117BF2C1745500080ED90 /* Model */,
				7D2117BC2C1742D50080ED90 /* ViewController */,
			);
			path = TrendDetail;
			sourceTree = "<group>";
		};
		7D2117BC2C1742D50080ED90 /* ViewController */ = {
			isa = PBXGroup;
			children = (
				7D2117BD2C1742EF0080ED90 /* TrendDetailViewController.swift */,
				7D2117C52C17C9940080ED90 /* TrendDetailViewController+TableView.swift */,
			);
			path = ViewController;
			sourceTree = "<group>";
		};
		7D2117BF2C1745500080ED90 /* Model */ = {
			isa = PBXGroup;
			children = (
				7D2117C02C1745690080ED90 /* MovieCreditModel.swift */,
			);
			path = Model;
			sourceTree = "<group>";
		};
		7D2117C22C1748420080ED90 /* View */ = {
			isa = PBXGroup;
			children = (
				7D2117C32C17486E0080ED90 /* MovieCreditView.swift */,
			);
			path = View;
			sourceTree = "<group>";
		};
		7D2117C72C17C9CA0080ED90 /* tableViewCell */ = {
			isa = PBXGroup;
			children = (
				7D2117C82C17C9F20080ED90 /* CastTableViewCell.swift */,
			);
			path = tableViewCell;
			sourceTree = "<group>";
		};
		7D2117D42C1887C80080ED90 /* MovieSearch */ = {
			isa = PBXGroup;
			children = (
				7D2117DC2C188AE30080ED90 /* TableViewCell */,
				7D2117D72C1887DF0080ED90 /* Model */,
				7D2117D62C1887DB0080ED90 /* View */,
				7D2117D52C1887D20080ED90 /* ViewController */,
			);
			path = MovieSearch;
			sourceTree = "<group>";
		};
		7D2117D52C1887D20080ED90 /* ViewController */ = {
			isa = PBXGroup;
			children = (
				7D2117D82C1889650080ED90 /* MovieSearchViewController.swift */,
			);
			path = ViewController;
			sourceTree = "<group>";
		};
		7D2117D62C1887DB0080ED90 /* View */ = {
			isa = PBXGroup;
			children = (
				7D2117DA2C1889FA0080ED90 /* MovieSearchView.swift */,
			);
			path = View;
			sourceTree = "<group>";
		};
		7D2117D72C1887DF0080ED90 /* Model */ = {
			isa = PBXGroup;
			children = (
				7D2117DF2C1891390080ED90 /* MovieSearchResult.swift */,
			);
			path = Model;
			sourceTree = "<group>";
		};
		7D2117DC2C188AE30080ED90 /* TableViewCell */ = {
			isa = PBXGroup;
			children = (
				7D2117DD2C188B060080ED90 /* SearchedMovieTableViewCell.swift */,
			);
			path = TableViewCell;
			sourceTree = "<group>";
		};
		7D7158232C32D875006496BA /* NasaImageLoad */ = {
			isa = PBXGroup;
			children = (
				7D71582A2C32E116006496BA /* CollectionViewCell */,
				7D7158252C32D88D006496BA /* View */,
				7D7158242C32D883006496BA /* ViewController */,
			);
			path = NasaImageLoad;
			sourceTree = "<group>";
		};
		7D7158242C32D883006496BA /* ViewController */ = {
			isa = PBXGroup;
			children = (
				7D7158262C32D8C9006496BA /* NasaImageLoadViewController.swift */,
			);
			path = ViewController;
			sourceTree = "<group>";
		};
		7D7158252C32D88D006496BA /* View */ = {
			isa = PBXGroup;
			children = (
				7D7158282C32D903006496BA /* NasaImageLoadView.swift */,
			);
			path = View;
			sourceTree = "<group>";
		};
		7D71582A2C32E116006496BA /* CollectionViewCell */ = {
			isa = PBXGroup;
			children = (
				7D71582D2C32E142006496BA /* NasaImageCollectionViewCell.swift */,
			);
			path = CollectionViewCell;
			sourceTree = "<group>";
		};
		7D76345C2C29907000319D37 /* MovieRecommendation */ = {
			isa = PBXGroup;
			children = (
				7D79C6042C2ACDF7000350E2 /* CollectionViewCell */,
				7D79C6012C2AC926000350E2 /* TableViewCell */,
				7D79C5FE2C2AC60A000350E2 /* View */,
				7D79C5FB2C2AB56A000350E2 /* ViewController */,
				7D76345D2C29908100319D37 /* Model */,
			);
			path = MovieRecommendation;
			sourceTree = "<group>";
		};
		7D76345D2C29908100319D37 /* Model */ = {
			isa = PBXGroup;
			children = (
				7D76345E2C29909200319D37 /* MovieRecommendation.swift */,
			);
			path = Model;
			sourceTree = "<group>";
		};
		7D79C5FB2C2AB56A000350E2 /* ViewController */ = {
			isa = PBXGroup;
			children = (
				7D79C5FC2C2AB58A000350E2 /* MovieRecommendationViewController.swift */,
			);
			path = ViewController;
			sourceTree = "<group>";
		};
		7D79C5FE2C2AC60A000350E2 /* View */ = {
			isa = PBXGroup;
			children = (
				7D79C5FF2C2AC615000350E2 /* MovieRecommendationView.swift */,
			);
			path = View;
			sourceTree = "<group>";
		};
		7D79C6012C2AC926000350E2 /* TableViewCell */ = {
			isa = PBXGroup;
			children = (
				7D79C6022C2AC94F000350E2 /* MovieRecommendationTableViewCell.swift */,
			);
			path = TableViewCell;
			sourceTree = "<group>";
		};
		7D79C6042C2ACDF7000350E2 /* CollectionViewCell */ = {
			isa = PBXGroup;
			children = (
				7D79C6052C2ACE06000350E2 /* MovieRecommendationCollectionViewCell.swift */,
			);
			path = CollectionViewCell;
			sourceTree = "<group>";
		};
		7D893B172C19A0B1003D552E /* MovieSearchCollection */ = {
			isa = PBXGroup;
			children = (
				7D893B1F2C19A59B003D552E /* CollectionViewCell */,
				7D893B1A2C19A119003D552E /* Model */,
				7D893B192C19A113003D552E /* View */,
				7D893B182C19A105003D552E /* ViewController */,
			);
			path = MovieSearchCollection;
			sourceTree = "<group>";
		};
		7D893B182C19A105003D552E /* ViewController */ = {
			isa = PBXGroup;
			children = (
				7D893B1B2C19A157003D552E /* MovieSearchCollectionViewController.swift */,
			);
			path = ViewController;
			sourceTree = "<group>";
		};
		7D893B192C19A113003D552E /* View */ = {
			isa = PBXGroup;
			children = (
				7D893B1D2C19A172003D552E /* MovieSearchCollectionView.swift */,
			);
			path = View;
			sourceTree = "<group>";
		};
		7D893B1A2C19A119003D552E /* Model */ = {
			isa = PBXGroup;
			children = (
			);
			path = Model;
			sourceTree = "<group>";
		};
		7D893B1F2C19A59B003D552E /* CollectionViewCell */ = {
			isa = PBXGroup;
			children = (
				7D893B202C19A5B9003D552E /* MovieSearchCollectionViewCell.swift */,
			);
			path = CollectionViewCell;
			sourceTree = "<group>";
		};
		7D9B9ECF2C0EFD3B002C577B = {
			isa = PBXGroup;
			children = (
				7D9B9F3E2C11739A002C577B /* .gitignore */,
				7D9B9EDA2C0EFD3B002C577B /* MediaProject */,
				7D9B9ED92C0EFD3B002C577B /* Products */,
			);
			sourceTree = "<group>";
		};
		7D9B9ED92C0EFD3B002C577B /* Products */ = {
			isa = PBXGroup;
			children = (
				7D9B9ED82C0EFD3B002C577B /* MediaProject.app */,
			);
			name = Products;
			sourceTree = "<group>";
		};
		7D9B9EDA2C0EFD3B002C577B /* MediaProject */ = {
			isa = PBXGroup;
			children = (
				7D7158232C32D875006496BA /* NasaImageLoad */,
				7D9B9F6C2C11FE34002C577B /* Protocol */,
				7D9B9F5D2C11F0A4002C577B /* Common */,
				7D9B9F4D2C11CC19002C577B /* Networking */,
				7D9B9F402C117446002C577B /* API */,
				7D9B9EF92C0F0051002C577B /* Extension */,
				7D9B9EF02C0EFF0E002C577B /* Components */,
				7D9B9EEF2C0EFEFD002C577B /* Pages */,
				7D9B9EDB2C0EFD3B002C577B /* AppDelegate.swift */,
				7D9B9EDD2C0EFD3B002C577B /* SceneDelegate.swift */,
				7D9B9EDF2C0EFD3B002C577B /* ViewController.swift */,
				7D9B9EE12C0EFD3B002C577B /* Main.storyboard */,
				7D9B9EE42C0EFD3E002C577B /* Assets.xcassets */,
				7D9B9EE62C0EFD3E002C577B /* LaunchScreen.storyboard */,
				7D9B9EE92C0EFD3E002C577B /* Info.plist */,
			);
			path = MediaProject;
			sourceTree = "<group>";
		};
		7D9B9EEF2C0EFEFD002C577B /* Pages */ = {
			isa = PBXGroup;
			children = (
				7D76345C2C29907000319D37 /* MovieRecommendation */,
				7D893B172C19A0B1003D552E /* MovieSearchCollection */,
				7D2117D42C1887C80080ED90 /* MovieSearch */,
				7D2117BB2C1742C90080ED90 /* TrendDetail */,
				7D2117A92C1716DB0080ED90 /* Trend */,
				7D9B9F602C11F60C002C577B /* BoxOffice */,
				7D9B9F452C1193A8002C577B /* Lottery */,
				7D9B9EF22C0EFFB9002C577B /* MovieHome */,
				7D9B9EF12C0EFF2F002C577B /* Signup */,
			);
			path = Pages;
			sourceTree = "<group>";
		};
		7D9B9EF02C0EFF0E002C577B /* Components */ = {
			isa = PBXGroup;
			children = (
				7DF5F8D22C30573A00D368A9 /* TabBar */,
				7D9B9F642C11FC06002C577B /* View */,
				7D9B9F5A2C11E371002C577B /* Label */,
				7D9B9EFC2C0F025E002C577B /* TextField */,
			);
			path = Components;
			sourceTree = "<group>";
		};
		7D9B9EF12C0EFF2F002C577B /* Signup */ = {
			isa = PBXGroup;
			children = (
				7D9B9EF32C0EFFF3002C577B /* ViewController */,
			);
			path = Signup;
			sourceTree = "<group>";
		};
		7D9B9EF22C0EFFB9002C577B /* MovieHome */ = {
			isa = PBXGroup;
			children = (
				7DF5F8CC2C3048AF00D368A9 /* Model */,
				7DF5F8C92C30431100D368A9 /* CollectionViewCell */,
				7DF5F8C62C3040B000D368A9 /* View */,
				7D9B9EF42C0EFFF9002C577B /* ViewController */,
			);
			path = MovieHome;
			sourceTree = "<group>";
		};
		7D9B9EF32C0EFFF3002C577B /* ViewController */ = {
			isa = PBXGroup;
			children = (
				7D9B9EF52C0F000F002C577B /* SignupViewController.swift */,
			);
			path = ViewController;
			sourceTree = "<group>";
		};
		7D9B9EF42C0EFFF9002C577B /* ViewController */ = {
			isa = PBXGroup;
			children = (
				7D9B9EF72C0F002F002C577B /* MovieHomeViewController.swift */,
			);
			path = ViewController;
			sourceTree = "<group>";
		};
		7D9B9EF92C0F0051002C577B /* Extension */ = {
			isa = PBXGroup;
			children = (
				7D9B9EFA2C0F0068002C577B /* ViewController+Extension.swift */,
				7D9B9F042C0F1DCE002C577B /* UIImageView+Extension.swift */,
				7D9B9F062C0F37AC002C577B /* UIButton+Extension.swift */,
				7D9B9F492C119430002C577B /* UITextField+Extension.swift */,
				7D9B9F582C11DE9E002C577B /* UILabel+Extension.swift */,
				7D9B9F722C12D116002C577B /* Dictionary+Extension.swift */,
			);
			path = Extension;
			sourceTree = "<group>";
		};
		7D9B9EFC2C0F025E002C577B /* TextField */ = {
			isa = PBXGroup;
			children = (
				7D9B9EFF2C0F029B002C577B /* SignTextField.swift */,
			);
			path = TextField;
			sourceTree = "<group>";
		};
		7D9B9F402C117446002C577B /* API */ = {
			isa = PBXGroup;
			children = (
				7D9B9F412C117478002C577B /* APIKey.swift */,
				7D9B9F432C11748C002C577B /* APIURL.swift */,
			);
			path = API;
			sourceTree = "<group>";
		};
		7D9B9F452C1193A8002C577B /* Lottery */ = {
			isa = PBXGroup;
			children = (
				7D9B9F532C11D10D002C577B /* Model */,
				7D9B9F462C1193C8002C577B /* ViewController */,
			);
			path = Lottery;
			sourceTree = "<group>";
		};
		7D9B9F462C1193C8002C577B /* ViewController */ = {
			isa = PBXGroup;
			children = (
				7D9B9F472C1193E6002C577B /* LotteryViewController.swift */,
				7D9B9F4B2C1199FA002C577B /* LotteryViewController+Picker.swift */,
			);
			path = ViewController;
			sourceTree = "<group>";
		};
		7D9B9F4D2C11CC19002C577B /* Networking */ = {
			isa = PBXGroup;
			children = (
				7D9B9F4E2C11CCFF002C577B /* APIFetcher.swift */,
				7DC994F62C2C2E3B00F44AFE /* NetworkRequest.swift */,
			);
			path = Networking;
			sourceTree = "<group>";
		};
		7D9B9F532C11D10D002C577B /* Model */ = {
			isa = PBXGroup;
			children = (
				7D9B9F542C11D121002C577B /* Lotto.swift */,
			);
			path = Model;
			sourceTree = "<group>";
		};
		7D9B9F5A2C11E371002C577B /* Label */ = {
			isa = PBXGroup;
			children = (
				7D9B9F5B2C11E389002C577B /* CircleLabel.swift */,
			);
			path = Label;
			sourceTree = "<group>";
		};
		7D9B9F5D2C11F0A4002C577B /* Common */ = {
			isa = PBXGroup;
			children = (
				7DF5F8C32C30338700D368A9 /* Error */,
				7D9B9F5E2C11F0B6002C577B /* UtilFunc.swift */,
				7DF5F8D02C30569D00D368A9 /* NameSpace.swift */,
			);
			path = Common;
			sourceTree = "<group>";
		};
		7D9B9F602C11F60C002C577B /* BoxOffice */ = {
			isa = PBXGroup;
			children = (
				7D9B9F6F2C12C881002C577B /* Model */,
				7D9B9F692C11FDD3002C577B /* TableViewCell */,
				7D9B9F612C11F61B002C577B /* ViewController */,
			);
			path = BoxOffice;
			sourceTree = "<group>";
		};
		7D9B9F612C11F61B002C577B /* ViewController */ = {
			isa = PBXGroup;
			children = (
				7D9B9F622C11F63A002C577B /* BoxOfficeViewController.swift */,
				7D9B9F672C11FD64002C577B /* BoxOfficeViewController+TableView.swift */,
			);
			path = ViewController;
			sourceTree = "<group>";
		};
		7D9B9F642C11FC06002C577B /* View */ = {
			isa = PBXGroup;
			children = (
				7D9B9F652C11FC2D002C577B /* Separator.swift */,
			);
			path = View;
			sourceTree = "<group>";
		};
		7D9B9F692C11FDD3002C577B /* TableViewCell */ = {
			isa = PBXGroup;
			children = (
				7D9B9F6A2C11FDE7002C577B /* BoxOfficeTableViewCell.swift */,
			);
			path = TableViewCell;
			sourceTree = "<group>";
		};
		7D9B9F6C2C11FE34002C577B /* Protocol */ = {
			isa = PBXGroup;
			children = (
				7D9B9F6D2C11FE4C002C577B /* ReuseIdentifierProtocol.swift */,
				7DF5F8D52C306B3B00D368A9 /* TabBarProtocol.swift */,
			);
			path = Protocol;
			sourceTree = "<group>";
		};
		7D9B9F6F2C12C881002C577B /* Model */ = {
			isa = PBXGroup;
			children = (
				7D9B9F702C12C89A002C577B /* BoxOffice.swift */,
			);
			path = Model;
			sourceTree = "<group>";
		};
		7DF5F8C32C30338700D368A9 /* Error */ = {
			isa = PBXGroup;
			children = (
				7DF5F8C42C30339700D368A9 /* Error.swift */,
			);
			path = Error;
			sourceTree = "<group>";
		};
		7DF5F8C62C3040B000D368A9 /* View */ = {
			isa = PBXGroup;
			children = (
				7DF5F8C72C3040B800D368A9 /* MovieHomeView.swift */,
			);
			path = View;
			sourceTree = "<group>";
		};
		7DF5F8C92C30431100D368A9 /* CollectionViewCell */ = {
			isa = PBXGroup;
			children = (
				7DF5F8CA2C30436300D368A9 /* UpcomingMovieCollectionViewCell.swift */,
			);
			path = CollectionViewCell;
			sourceTree = "<group>";
		};
		7DF5F8CC2C3048AF00D368A9 /* Model */ = {
			isa = PBXGroup;
			children = (
				7DF5F8CD2C3048C500D368A9 /* UpcomingMovie.swift */,
			);
			path = Model;
			sourceTree = "<group>";
		};
		7DF5F8D22C30573A00D368A9 /* TabBar */ = {
			isa = PBXGroup;
			children = (
				7DF5F8D32C30586E00D368A9 /* CustomTabBarController.swift */,
			);
			path = TabBar;
			sourceTree = "<group>";
		};
/* End PBXGroup section */

/* Begin PBXNativeTarget section */
		7D9B9ED72C0EFD3B002C577B /* MediaProject */ = {
			isa = PBXNativeTarget;
			buildConfigurationList = 7D9B9EEC2C0EFD3E002C577B /* Build configuration list for PBXNativeTarget "MediaProject" */;
			buildPhases = (
				7D9B9ED42C0EFD3B002C577B /* Sources */,
				7D9B9ED52C0EFD3B002C577B /* Frameworks */,
				7D9B9ED62C0EFD3B002C577B /* Resources */,
			);
			buildRules = (
			);
			dependencies = (
			);
			name = MediaProject;
			packageProductDependencies = (
				7D9B9F022C0F03A8002C577B /* SnapKit */,
				7D9B9F512C11CD6C002C577B /* Alamofire */,
				7D2117B92C173BEE0080ED90 /* Kingfisher */,
			);
			productName = MediaProject;
			productReference = 7D9B9ED82C0EFD3B002C577B /* MediaProject.app */;
			productType = "com.apple.product-type.application";
		};
/* End PBXNativeTarget section */

/* Begin PBXProject section */
		7D9B9ED02C0EFD3B002C577B /* Project object */ = {
			isa = PBXProject;
			attributes = {
				BuildIndependentTargetsInParallel = 1;
				LastSwiftUpdateCheck = 1530;
				LastUpgradeCheck = 1530;
				TargetAttributes = {
					7D9B9ED72C0EFD3B002C577B = {
						CreatedOnToolsVersion = 15.3;
					};
				};
			};
			buildConfigurationList = 7D9B9ED32C0EFD3B002C577B /* Build configuration list for PBXProject "MediaProject" */;
			compatibilityVersion = "Xcode 14.0";
			developmentRegion = en;
			hasScannedForEncodings = 0;
			knownRegions = (
				en,
				Base,
			);
			mainGroup = 7D9B9ECF2C0EFD3B002C577B;
			packageReferences = (
				7D9B9F012C0F03A8002C577B /* XCRemoteSwiftPackageReference "SnapKit" */,
				7D9B9F502C11CD6C002C577B /* XCRemoteSwiftPackageReference "Alamofire" */,
				7D2117B82C173BEE0080ED90 /* XCRemoteSwiftPackageReference "Kingfisher" */,
			);
			productRefGroup = 7D9B9ED92C0EFD3B002C577B /* Products */;
			projectDirPath = "";
			projectRoot = "";
			targets = (
				7D9B9ED72C0EFD3B002C577B /* MediaProject */,
			);
		};
/* End PBXProject section */

/* Begin PBXResourcesBuildPhase section */
		7D9B9ED62C0EFD3B002C577B /* Resources */ = {
			isa = PBXResourcesBuildPhase;
			buildActionMask = 2147483647;
			files = (
				7D9B9F3F2C11739A002C577B /* .gitignore in Resources */,
				7D9B9EE52C0EFD3E002C577B /* Assets.xcassets in Resources */,
				7D9B9EE82C0EFD3E002C577B /* Base in Resources */,
				7D9B9EE32C0EFD3B002C577B /* Base in Resources */,
			);
			runOnlyForDeploymentPostprocessing = 0;
		};
/* End PBXResourcesBuildPhase section */

/* Begin PBXSourcesBuildPhase section */
		7D9B9ED42C0EFD3B002C577B /* Sources */ = {
			isa = PBXSourcesBuildPhase;
			buildActionMask = 2147483647;
			files = (
				7D9B9F592C11DE9E002C577B /* UILabel+Extension.swift in Sources */,
				7D79C6062C2ACE06000350E2 /* MovieRecommendationCollectionViewCell.swift in Sources */,
				7D2117B72C1731DE0080ED90 /* TrendModel.swift in Sources */,
				7D79C5FD2C2AB58A000350E2 /* MovieRecommendationViewController.swift in Sources */,
				7D2117AC2C17171D0080ED90 /* TrendViewController.swift in Sources */,
				7D893B212C19A5B9003D552E /* MovieSearchCollectionViewCell.swift in Sources */,
				7DF5F8D62C306B3B00D368A9 /* TabBarProtocol.swift in Sources */,
				7D9B9F002C0F029B002C577B /* SignTextField.swift in Sources */,
				7D9B9F712C12C89A002C577B /* BoxOffice.swift in Sources */,
				7D7158272C32D8C9006496BA /* NasaImageLoadViewController.swift in Sources */,
				7D9B9EE02C0EFD3B002C577B /* ViewController.swift in Sources */,
				7D9B9F4F2C11CCFF002C577B /* APIFetcher.swift in Sources */,
				7D9B9F052C0F1DCE002C577B /* UIImageView+Extension.swift in Sources */,
				7D2117C92C17C9F20080ED90 /* CastTableViewCell.swift in Sources */,
				7D9B9EF82C0F002F002C577B /* MovieHomeViewController.swift in Sources */,
				7D2117BE2C1742EF0080ED90 /* TrendDetailViewController.swift in Sources */,
				7D9B9F482C1193E6002C577B /* LotteryViewController.swift in Sources */,
				7D9B9F442C11748C002C577B /* APIURL.swift in Sources */,
				7D2117D92C1889650080ED90 /* MovieSearchViewController.swift in Sources */,
				7D2117C62C17C9940080ED90 /* TrendDetailViewController+TableView.swift in Sources */,
				7DF5F8CE2C3048C500D368A9 /* UpcomingMovie.swift in Sources */,
				7D2117D32C187D480080ED90 /* MovieGenre.swift in Sources */,
				7D9B9F632C11F63A002C577B /* BoxOfficeViewController.swift in Sources */,
				7D76345F2C29909200319D37 /* MovieRecommendation.swift in Sources */,
				7D2117B42C17199C0080ED90 /* TrendTableViewCell.swift in Sources */,
				7D2117DE2C188B060080ED90 /* SearchedMovieTableViewCell.swift in Sources */,
				7D2117C42C17486F0080ED90 /* MovieCreditView.swift in Sources */,
				7DC994F72C2C2E3B00F44AFE /* NetworkRequest.swift in Sources */,
				7D893B1E2C19A172003D552E /* MovieSearchCollectionView.swift in Sources */,
				7D9B9F4C2C1199FA002C577B /* LotteryViewController+Picker.swift in Sources */,
				7DF5F8D12C30569D00D368A9 /* NameSpace.swift in Sources */,
				7D9B9F552C11D121002C577B /* Lotto.swift in Sources */,
				7D9B9F422C117478002C577B /* APIKey.swift in Sources */,
				7D2117B12C1717FC0080ED90 /* TrendViewController+TableView.swift in Sources */,
				7D9B9F682C11FD64002C577B /* BoxOfficeViewController+TableView.swift in Sources */,
				7D9B9F6B2C11FDE7002C577B /* BoxOfficeTableViewCell.swift in Sources */,
				7DF5F8CB2C30436300D368A9 /* UpcomingMovieCollectionViewCell.swift in Sources */,
				7D71582E2C32E142006496BA /* NasaImageCollectionViewCell.swift in Sources */,
				7D2117C12C1745690080ED90 /* MovieCreditModel.swift in Sources */,
				7D9B9EFB2C0F0068002C577B /* ViewController+Extension.swift in Sources */,
				7D9B9F072C0F37AC002C577B /* UIButton+Extension.swift in Sources */,
				7D9B9F732C12D116002C577B /* Dictionary+Extension.swift in Sources */,
				7D7158292C32D903006496BA /* NasaImageLoadView.swift in Sources */,
				7D9B9EDC2C0EFD3B002C577B /* AppDelegate.swift in Sources */,
				7D2117DB2C1889FA0080ED90 /* MovieSearchView.swift in Sources */,
				7D9B9F6E2C11FE4C002C577B /* ReuseIdentifierProtocol.swift in Sources */,
				7D893B1C2C19A157003D552E /* MovieSearchCollectionViewController.swift in Sources */,
				7D9B9F4A2C119430002C577B /* UITextField+Extension.swift in Sources */,
				7D79C6002C2AC615000350E2 /* MovieRecommendationView.swift in Sources */,
				7D9B9EF62C0F000F002C577B /* SignupViewController.swift in Sources */,
				7DF5F8C52C30339700D368A9 /* Error.swift in Sources */,
				7D79C6032C2AC94F000350E2 /* MovieRecommendationTableViewCell.swift in Sources */,
				7D2117E02C18913A0080ED90 /* MovieSearchResult.swift in Sources */,
				7D9B9F662C11FC2D002C577B /* Separator.swift in Sources */,
				7DF5F8D42C30586E00D368A9 /* CustomTabBarController.swift in Sources */,
				7D9B9F5C2C11E389002C577B /* CircleLabel.swift in Sources */,
				7D9B9EDE2C0EFD3B002C577B /* SceneDelegate.swift in Sources */,
				7D2117AF2C1717530080ED90 /* TrendView.swift in Sources */,
				7DF5F8C82C3040B800D368A9 /* MovieHomeView.swift in Sources */,
				7D9B9F5F2C11F0B6002C577B /* UtilFunc.swift in Sources */,
			);
			runOnlyForDeploymentPostprocessing = 0;
		};
/* End PBXSourcesBuildPhase section */

/* Begin PBXVariantGroup section */
		7D9B9EE12C0EFD3B002C577B /* Main.storyboard */ = {
			isa = PBXVariantGroup;
			children = (
				7D9B9EE22C0EFD3B002C577B /* Base */,
			);
			name = Main.storyboard;
			sourceTree = "<group>";
		};
		7D9B9EE62C0EFD3E002C577B /* LaunchScreen.storyboard */ = {
			isa = PBXVariantGroup;
			children = (
				7D9B9EE72C0EFD3E002C577B /* Base */,
			);
			name = LaunchScreen.storyboard;
			sourceTree = "<group>";
		};
/* End PBXVariantGroup section */

/* Begin XCBuildConfiguration section */
		7D9B9EEA2C0EFD3E002C577B /* Debug */ = {
			isa = XCBuildConfiguration;
			buildSettings = {
				ALWAYS_SEARCH_USER_PATHS = NO;
				ASSETCATALOG_COMPILER_GENERATE_SWIFT_ASSET_SYMBOL_EXTENSIONS = YES;
				CLANG_ANALYZER_NONNULL = YES;
				CLANG_ANALYZER_NUMBER_OBJECT_CONVERSION = YES_AGGRESSIVE;
				CLANG_CXX_LANGUAGE_STANDARD = "gnu++20";
				CLANG_ENABLE_MODULES = YES;
				CLANG_ENABLE_OBJC_ARC = YES;
				CLANG_ENABLE_OBJC_WEAK = YES;
				CLANG_WARN_BLOCK_CAPTURE_AUTORELEASING = YES;
				CLANG_WARN_BOOL_CONVERSION = YES;
				CLANG_WARN_COMMA = YES;
				CLANG_WARN_CONSTANT_CONVERSION = YES;
				CLANG_WARN_DEPRECATED_OBJC_IMPLEMENTATIONS = YES;
				CLANG_WARN_DIRECT_OBJC_ISA_USAGE = YES_ERROR;
				CLANG_WARN_DOCUMENTATION_COMMENTS = YES;
				CLANG_WARN_EMPTY_BODY = YES;
				CLANG_WARN_ENUM_CONVERSION = YES;
				CLANG_WARN_INFINITE_RECURSION = YES;
				CLANG_WARN_INT_CONVERSION = YES;
				CLANG_WARN_NON_LITERAL_NULL_CONVERSION = YES;
				CLANG_WARN_OBJC_IMPLICIT_RETAIN_SELF = YES;
				CLANG_WARN_OBJC_LITERAL_CONVERSION = YES;
				CLANG_WARN_OBJC_ROOT_CLASS = YES_ERROR;
				CLANG_WARN_QUOTED_INCLUDE_IN_FRAMEWORK_HEADER = YES;
				CLANG_WARN_RANGE_LOOP_ANALYSIS = YES;
				CLANG_WARN_STRICT_PROTOTYPES = YES;
				CLANG_WARN_SUSPICIOUS_MOVE = YES;
				CLANG_WARN_UNGUARDED_AVAILABILITY = YES_AGGRESSIVE;
				CLANG_WARN_UNREACHABLE_CODE = YES;
				CLANG_WARN__DUPLICATE_METHOD_MATCH = YES;
				COPY_PHASE_STRIP = NO;
				DEBUG_INFORMATION_FORMAT = dwarf;
				ENABLE_ON_DEMAND_RESOURCES = YES;
				ENABLE_STRICT_OBJC_MSGSEND = YES;
				ENABLE_TESTABILITY = YES;
				ENABLE_USER_SCRIPT_SANDBOXING = YES;
				GCC_C_LANGUAGE_STANDARD = gnu17;
				GCC_DYNAMIC_NO_PIC = NO;
				GCC_NO_COMMON_BLOCKS = YES;
				GCC_OPTIMIZATION_LEVEL = 0;
				GCC_PREPROCESSOR_DEFINITIONS = (
					"DEBUG=1",
					"$(inherited)",
				);
				GCC_WARN_64_TO_32_BIT_CONVERSION = YES;
				GCC_WARN_ABOUT_RETURN_TYPE = YES_ERROR;
				GCC_WARN_UNDECLARED_SELECTOR = YES;
				GCC_WARN_UNINITIALIZED_AUTOS = YES_AGGRESSIVE;
				GCC_WARN_UNUSED_FUNCTION = YES;
				GCC_WARN_UNUSED_VARIABLE = YES;
				IPHONEOS_DEPLOYMENT_TARGET = 17.4;
				LOCALIZATION_PREFERS_STRING_CATALOGS = YES;
				MTL_ENABLE_DEBUG_INFO = INCLUDE_SOURCE;
				MTL_FAST_MATH = YES;
				ONLY_ACTIVE_ARCH = YES;
				SDKROOT = iphoneos;
				SWIFT_ACTIVE_COMPILATION_CONDITIONS = "DEBUG $(inherited)";
				SWIFT_OPTIMIZATION_LEVEL = "-Onone";
			};
			name = Debug;
		};
		7D9B9EEB2C0EFD3E002C577B /* Release */ = {
			isa = XCBuildConfiguration;
			buildSettings = {
				ALWAYS_SEARCH_USER_PATHS = NO;
				ASSETCATALOG_COMPILER_GENERATE_SWIFT_ASSET_SYMBOL_EXTENSIONS = YES;
				CLANG_ANALYZER_NONNULL = YES;
				CLANG_ANALYZER_NUMBER_OBJECT_CONVERSION = YES_AGGRESSIVE;
				CLANG_CXX_LANGUAGE_STANDARD = "gnu++20";
				CLANG_ENABLE_MODULES = YES;
				CLANG_ENABLE_OBJC_ARC = YES;
				CLANG_ENABLE_OBJC_WEAK = YES;
				CLANG_WARN_BLOCK_CAPTURE_AUTORELEASING = YES;
				CLANG_WARN_BOOL_CONVERSION = YES;
				CLANG_WARN_COMMA = YES;
				CLANG_WARN_CONSTANT_CONVERSION = YES;
				CLANG_WARN_DEPRECATED_OBJC_IMPLEMENTATIONS = YES;
				CLANG_WARN_DIRECT_OBJC_ISA_USAGE = YES_ERROR;
				CLANG_WARN_DOCUMENTATION_COMMENTS = YES;
				CLANG_WARN_EMPTY_BODY = YES;
				CLANG_WARN_ENUM_CONVERSION = YES;
				CLANG_WARN_INFINITE_RECURSION = YES;
				CLANG_WARN_INT_CONVERSION = YES;
				CLANG_WARN_NON_LITERAL_NULL_CONVERSION = YES;
				CLANG_WARN_OBJC_IMPLICIT_RETAIN_SELF = YES;
				CLANG_WARN_OBJC_LITERAL_CONVERSION = YES;
				CLANG_WARN_OBJC_ROOT_CLASS = YES_ERROR;
				CLANG_WARN_QUOTED_INCLUDE_IN_FRAMEWORK_HEADER = YES;
				CLANG_WARN_RANGE_LOOP_ANALYSIS = YES;
				CLANG_WARN_STRICT_PROTOTYPES = YES;
				CLANG_WARN_SUSPICIOUS_MOVE = YES;
				CLANG_WARN_UNGUARDED_AVAILABILITY = YES_AGGRESSIVE;
				CLANG_WARN_UNREACHABLE_CODE = YES;
				CLANG_WARN__DUPLICATE_METHOD_MATCH = YES;
				COPY_PHASE_STRIP = NO;
				DEBUG_INFORMATION_FORMAT = "dwarf-with-dsym";
				ENABLE_NS_ASSERTIONS = NO;
				ENABLE_ON_DEMAND_RESOURCES = YES;
				ENABLE_STRICT_OBJC_MSGSEND = YES;
				ENABLE_USER_SCRIPT_SANDBOXING = YES;
				GCC_C_LANGUAGE_STANDARD = gnu17;
				GCC_NO_COMMON_BLOCKS = YES;
				GCC_WARN_64_TO_32_BIT_CONVERSION = YES;
				GCC_WARN_ABOUT_RETURN_TYPE = YES_ERROR;
				GCC_WARN_UNDECLARED_SELECTOR = YES;
				GCC_WARN_UNINITIALIZED_AUTOS = YES_AGGRESSIVE;
				GCC_WARN_UNUSED_FUNCTION = YES;
				GCC_WARN_UNUSED_VARIABLE = YES;
				IPHONEOS_DEPLOYMENT_TARGET = 17.4;
				LOCALIZATION_PREFERS_STRING_CATALOGS = YES;
				MTL_ENABLE_DEBUG_INFO = NO;
				MTL_FAST_MATH = YES;
				SDKROOT = iphoneos;
				SWIFT_COMPILATION_MODE = wholemodule;
				VALIDATE_PRODUCT = YES;
			};
			name = Release;
		};
		7D9B9EED2C0EFD3E002C577B /* Debug */ = {
			isa = XCBuildConfiguration;
			buildSettings = {
				ASSETCATALOG_COMPILER_APPICON_NAME = AppIcon;
				ASSETCATALOG_COMPILER_GLOBAL_ACCENT_COLOR_NAME = AccentColor;
				CODE_SIGN_STYLE = Automatic;
				CURRENT_PROJECT_VERSION = 1;
				DEVELOPMENT_TEAM = 5B4DDA3JD6;
				GENERATE_INFOPLIST_FILE = YES;
				INFOPLIST_FILE = MediaProject/Info.plist;
				INFOPLIST_KEY_UIApplicationSupportsIndirectInputEvents = YES;
				INFOPLIST_KEY_UILaunchStoryboardName = LaunchScreen;
				INFOPLIST_KEY_UIMainStoryboardFile = Main;
				INFOPLIST_KEY_UISupportedInterfaceOrientations_iPad = "UIInterfaceOrientationPortrait UIInterfaceOrientationPortraitUpsideDown UIInterfaceOrientationLandscapeLeft UIInterfaceOrientationLandscapeRight";
				INFOPLIST_KEY_UISupportedInterfaceOrientations_iPhone = "UIInterfaceOrientationPortrait UIInterfaceOrientationLandscapeLeft UIInterfaceOrientationLandscapeRight";
				IPHONEOS_DEPLOYMENT_TARGET = 17.0;
				LD_RUNPATH_SEARCH_PATHS = (
					"$(inherited)",
					"@executable_path/Frameworks",
				);
				MARKETING_VERSION = 1.0;
				PRODUCT_BUNDLE_IDENTIFIER = com.yeonju.MediaProject;
				PRODUCT_NAME = "$(TARGET_NAME)";
				SUPPORTED_PLATFORMS = "iphoneos iphonesimulator";
				SUPPORTS_MACCATALYST = NO;
				SUPPORTS_MAC_DESIGNED_FOR_IPHONE_IPAD = NO;
				SUPPORTS_XR_DESIGNED_FOR_IPHONE_IPAD = NO;
				SWIFT_EMIT_LOC_STRINGS = YES;
				SWIFT_VERSION = 5.0;
				TARGETED_DEVICE_FAMILY = 1;
			};
			name = Debug;
		};
		7D9B9EEE2C0EFD3E002C577B /* Release */ = {
			isa = XCBuildConfiguration;
			buildSettings = {
				ASSETCATALOG_COMPILER_APPICON_NAME = AppIcon;
				ASSETCATALOG_COMPILER_GLOBAL_ACCENT_COLOR_NAME = AccentColor;
				CODE_SIGN_STYLE = Automatic;
				CURRENT_PROJECT_VERSION = 1;
				DEVELOPMENT_TEAM = 5B4DDA3JD6;
				GENERATE_INFOPLIST_FILE = YES;
				INFOPLIST_FILE = MediaProject/Info.plist;
				INFOPLIST_KEY_UIApplicationSupportsIndirectInputEvents = YES;
				INFOPLIST_KEY_UILaunchStoryboardName = LaunchScreen;
				INFOPLIST_KEY_UIMainStoryboardFile = Main;
				INFOPLIST_KEY_UISupportedInterfaceOrientations_iPad = "UIInterfaceOrientationPortrait UIInterfaceOrientationPortraitUpsideDown UIInterfaceOrientationLandscapeLeft UIInterfaceOrientationLandscapeRight";
				INFOPLIST_KEY_UISupportedInterfaceOrientations_iPhone = "UIInterfaceOrientationPortrait UIInterfaceOrientationLandscapeLeft UIInterfaceOrientationLandscapeRight";
				IPHONEOS_DEPLOYMENT_TARGET = 17.0;
				LD_RUNPATH_SEARCH_PATHS = (
					"$(inherited)",
					"@executable_path/Frameworks",
				);
				MARKETING_VERSION = 1.0;
				PRODUCT_BUNDLE_IDENTIFIER = com.yeonju.MediaProject;
				PRODUCT_NAME = "$(TARGET_NAME)";
				SUPPORTED_PLATFORMS = "iphoneos iphonesimulator";
				SUPPORTS_MACCATALYST = NO;
				SUPPORTS_MAC_DESIGNED_FOR_IPHONE_IPAD = NO;
				SUPPORTS_XR_DESIGNED_FOR_IPHONE_IPAD = NO;
				SWIFT_EMIT_LOC_STRINGS = YES;
				SWIFT_VERSION = 5.0;
				TARGETED_DEVICE_FAMILY = 1;
			};
			name = Release;
		};
/* End XCBuildConfiguration section */

/* Begin XCConfigurationList section */
		7D9B9ED32C0EFD3B002C577B /* Build configuration list for PBXProject "MediaProject" */ = {
			isa = XCConfigurationList;
			buildConfigurations = (
				7D9B9EEA2C0EFD3E002C577B /* Debug */,
				7D9B9EEB2C0EFD3E002C577B /* Release */,
			);
			defaultConfigurationIsVisible = 0;
			defaultConfigurationName = Release;
		};
		7D9B9EEC2C0EFD3E002C577B /* Build configuration list for PBXNativeTarget "MediaProject" */ = {
			isa = XCConfigurationList;
			buildConfigurations = (
				7D9B9EED2C0EFD3E002C577B /* Debug */,
				7D9B9EEE2C0EFD3E002C577B /* Release */,
			);
			defaultConfigurationIsVisible = 0;
			defaultConfigurationName = Release;
		};
/* End XCConfigurationList section */

/* Begin XCRemoteSwiftPackageReference section */
		7D2117B82C173BEE0080ED90 /* XCRemoteSwiftPackageReference "Kingfisher" */ = {
			isa = XCRemoteSwiftPackageReference;
			repositoryURL = "https://github.com/onevcat/Kingfisher.git";
			requirement = {
				kind = upToNextMajorVersion;
				minimumVersion = 7.12.0;
			};
		};
		7D9B9F012C0F03A8002C577B /* XCRemoteSwiftPackageReference "SnapKit" */ = {
			isa = XCRemoteSwiftPackageReference;
			repositoryURL = "https://github.com/SnapKit/SnapKit.git";
			requirement = {
				kind = upToNextMajorVersion;
				minimumVersion = 5.7.1;
			};
		};
		7D9B9F502C11CD6C002C577B /* XCRemoteSwiftPackageReference "Alamofire" */ = {
			isa = XCRemoteSwiftPackageReference;
			repositoryURL = "https://github.com/Alamofire/Alamofire.git";
			requirement = {
				kind = upToNextMajorVersion;
				minimumVersion = 5.9.1;
			};
		};
/* End XCRemoteSwiftPackageReference section */

/* Begin XCSwiftPackageProductDependency section */
		7D2117B92C173BEE0080ED90 /* Kingfisher */ = {
			isa = XCSwiftPackageProductDependency;
			package = 7D2117B82C173BEE0080ED90 /* XCRemoteSwiftPackageReference "Kingfisher" */;
			productName = Kingfisher;
		};
		7D9B9F022C0F03A8002C577B /* SnapKit */ = {
			isa = XCSwiftPackageProductDependency;
			package = 7D9B9F012C0F03A8002C577B /* XCRemoteSwiftPackageReference "SnapKit" */;
			productName = SnapKit;
		};
		7D9B9F512C11CD6C002C577B /* Alamofire */ = {
			isa = XCSwiftPackageProductDependency;
			package = 7D9B9F502C11CD6C002C577B /* XCRemoteSwiftPackageReference "Alamofire" */;
			productName = Alamofire;
		};
/* End XCSwiftPackageProductDependency section */
	};
	rootObject = 7D9B9ED02C0EFD3B002C577B /* Project object */;
}
